
Microsoft Visual Studio Solution File, Format Version 12.00
# Visual Studio 14
VisualStudioVersion = 14.0.25420.1
MinimumVisualStudioVersion = 10.0.40219.1
Project("{FAE04EC0-301F-11D3-BF4B-00C04F79EFBC}") = "SchoolAppToday", "SchoolAppToday\SchoolAppToday.csproj", "{19D771D5-3037-413E-8B52-29ADBA6AA274}"
EndProject
Project("{FAE04EC0-301F-11D3-BF4B-00C04F79EFBC}") = "SchoolAppToday.Tests", "SchoolAppToday.Tests\SchoolAppToday.Tests.csproj", "{DAED08AD-B48B-4571-88A5-6225C1CB83E6}"
EndProject
Global
	GlobalSection(SolutionConfigurationPlatforms) = preSolution
		Debug|Any CPU = Debug|Any CPU
		Release|Any CPU = Release|Any CPU
	EndGlobalSection
	GlobalSection(ProjectConfigurationPlatforms) = postSolution
		{19D771D5-3037-413E-8B52-29ADBA6AA274}.Debug|Any CPU.ActiveCfg = Debug|Any CPU
		{19D771D5-3037-413E-8B52-29ADBA6AA274}.Debug|Any CPU.Build.0 = Debug|Any CPU
		{19D771D5-3037-413E-8B52-29ADBA6AA274}.Release|Any CPU.ActiveCfg = Release|Any CPU
		{19D771D5-3037-413E-8B52-29ADBA6AA274}.Release|Any CPU.Build.0 = Release|Any CPU
		{DAED08AD-B48B-4571-88A5-6225C1CB83E6}.Debug|Any CPU.ActiveCfg = Debug|Any CPU
		{DAED08AD-B48B-4571-88A5-6225C1CB83E6}.Debug|Any CPU.Build.0 = Debug|Any CPU
		{DAED08AD-B48B-4571-88A5-6225C1CB83E6}.Release|Any CPU.ActiveCfg = Release|Any CPU
		{DAED08AD-B48B-4571-88A5-6225C1CB83E6}.Release|Any CPU.Build.0 = Release|Any CPU
	EndGlobalSection
	GlobalSection(SolutionProperties) = preSolution
		HideSolutionNode = FALSE
	EndGlobalSection
EndGlobal
